acl=2.3.2-1build1.1
adduser=3.137ubuntu1
ca-certificates=20260601~24.04.1
containerd.io=2.3.6-1~ubuntu.24.04~noble
curl=8.5.0-2ubuntu10.15
dbus-bin=1.14.10-4ubuntu4.1
dbus-daemon=1.14.10-4ubuntu4.1
dbus-session-bus-common=1.14.10-4ubuntu4.1
dbus-system-bus-common=1.14.10-4ubuntu4.1
dbus=1.14.10-4ubuntu4.1
docker-buildx-plugin=0.37.1-1~ubuntu.24.04~noble
docker-ce-cli=5:29.8.1-1~ubuntu.24.04~noble
docker-ce=5:29.8.1-1~ubuntu.24.04~noble
docker-compose-plugin=5.5.1-1~ubuntu.24.04~noble
iptables=1.8.10-3ubuntu2
libapparmor1:amd64=4.0.1really4.0.1-0ubuntu0.24.04.8
libargon2-1:amd64=0~20190702+dfsg-4build1
libbrotli1:amd64=1.1.0-2build2
libbsd0:amd64=0.12.1-1build1.1
libcryptsetup12:amd64=2:2.7.0-1ubuntu4.2
libcurl4t64:amd64=8.5.0-2ubuntu10.15
libdbus-1-3:amd64=1.14.10-4ubuntu4.1
libdevmapper1.02.1:amd64=2:1.02.185-3ubuntu3.2
libedit2:amd64=3.1-20230828-1build1
libexpat1:amd64=2.6.1-2ubuntu0.6
libfdisk1:amd64=2.39.3-9ubuntu6.6
libgssapi-krb5-2:amd64=1.20.1-6ubuntu2.10
libip4tc2:amd64=1.8.10-3ubuntu2
libip6tc2:amd64=1.8.10-3ubuntu2
libjansson4:amd64=2.14-2build2
libjson-c5:amd64=0.17-1build1
libk5crypto3:amd64=1.20.1-6ubuntu2.10
libkeyutils1:amd64=1.6.3-3build1
libkmod2:amd64=31+20240202-2ubuntu7.2
libkrb5-3:amd64=1.20.1-6ubuntu2.10
libkrb5support0:amd64=1.20.1-6ubuntu2.10
libldap2:amd64=2.6.10+dfsg-0ubuntu0.24.04.1
libmnl0:amd64=1.0.5-2build1
libnetfilter-conntrack3:amd64=1.0.9-6build1
libnfnetlink0:amd64=1.0.2-2build1
libnftables1:amd64=1.0.9-1ubuntu0.1
libnftnl11:amd64=1.2.6-2build1
libnghttp2-14:amd64=1.59.0-1ubuntu0.4
libpsl5t64:amd64=0.21.2-1.1build1
librtmp1:amd64=2.4+20151223.gitfa8646d.1-2build7
libsasl2-2:amd64=2.1.28+dfsg1-5ubuntu3.1
libsasl2-modules-db:amd64=2.1.28+dfsg1-5ubuntu3.1
libssh-4:amd64=0.10.6-2ubuntu0.5
libsystemd-shared:amd64=255.4-1ubuntu8.17
libxtables12:amd64=1.8.10-3ubuntu2
netbase=6.4
nftables=1.0.9-1ubuntu0.1
openssl=3.0.13-0ubuntu3.15
systemd-dev=255.4-1ubuntu8.17
systemd-sysv=255.4-1ubuntu8.17
systemd=255.4-1ubuntu8.17
